# This file is automatically @generated by Poetry 1.8.3 and should not be changed by hand.

[[package]]
name = "advent-of-code-data"
version = "2.0.4"
description = "Get your puzzle data with a single import"
optional = false
python-versions = ">=3.9"
files = [
    {file = "advent_of_code_data-2.0.4-py3-none-any.whl", hash = "sha256:e3abc993ddc8436fae693b212b4b66b399b42b3c4d8b588c025e5b421c307b3d"},
    {file = "advent_of_code_data-2.0.4.tar.gz", hash = "sha256:d345dd14e4a123992297d5a22b364d161d4458def9ffb9481797f7aabf138ced"},
]

[package.dependencies]
aocd-example-parser = ">=2023.2"
beautifulsoup4 = "*"
pebble = "*"
tzdata = {version = "*", markers = "platform_system == \"Windows\""}
urllib3 = "*"

[package.extras]
nb = ["IPython", "jupyter-server"]

[[package]]
name = "aocd-example-parser"
version = "2023.12.20"
description = "Implementation of example parser plugins for advent-of-code-data"
optional = false
python-versions = ">=3.9"
files = [
    {file = "aocd_example_parser-2023.12.20-py3-none-any.whl", hash = "sha256:5244f01a54c4e18e69d53389410444ea8fde50b27a59101d968631ee078dd9c9"},
    {file = "aocd_example_parser-2023.12.20.tar.gz", hash = "sha256:753d336986dd0ebf00ee91a2e36ba5f51faece3bbcea8827b11d6c57435c7407"},
]

[[package]]
name = "beautifulsoup4"
version = "4.12.3"
description = "Screen-scraping library"
optional = false
python-versions = ">=3.6.0"
files = [
    {file = "beautifulsoup4-4.12.3-py3-none-any.whl", hash = "sha256:b80878c9f40111313e55da8ba20bdba06d8fa3969fc68304167741bbf9e082ed"},
    {file = "beautifulsoup4-4.12.3.tar.gz", hash = "sha256:74e3d1928edc070d21748185c46e3fb33490f22f52a3addee9aee0f4f7781051"},
]

[package.dependencies]
soupsieve = ">1.2"

[package.extras]
cchardet = ["cchardet"]
chardet = ["chardet"]
charset-normalizer = ["charset-normalizer"]
html5lib = ["html5lib"]
lxml = ["lxml"]

[[package]]
name = "browser-cookie3"
version = "0.19.1"
description = "Loads cookies from your browser into a cookiejar object so can download with urllib and other libraries the same content you see in the web browser."
optional = false
python-versions = "*"
files = [
    {file = "browser-cookie3-0.19.1.tar.gz", hash = "sha256:3031ad14b96b47ef1e4c8545f2f463e10ad844ef834dcd0ebdae361e31c6119a"},
    {file = "browser_cookie3-0.19.1-py3-none-any.whl", hash = "sha256:114e40fe80853211d65f14bc690a7d90c4c287251593dc5767692a950a9006d4"},
]

[package.dependencies]
jeepney = {version = "*", markers = "python_version >= \"3.7\" and (sys_platform == \"bsd\" or sys_platform == \"linux\")"}
lz4 = "*"
pycryptodomex = "*"

[[package]]
name = "jeepney"
version = "0.8.0"
description = "Low-level, pure Python DBus protocol wrapper."
optional = false
python-versions = ">=3.7"
files = [
    {file = "jeepney-0.8.0-py3-none-any.whl", hash = "sha256:c0a454ad016ca575060802ee4d590dd912e35c122fa04e70306de3d076cce755"},
    {file = "jeepney-0.8.0.tar.gz", hash = "sha256:5efe48d255973902f6badc3ce55e2aa6c5c3b3bc642059ef3a91247bcfcc5806"},
]

[package.extras]
test = ["async-timeout", "pytest", "pytest-asyncio (>=0.17)", "pytest-trio", "testpath", "trio"]
trio = ["async_generator", "trio"]

[[package]]
name = "lz4"
version = "4.3.3"
description = "LZ4 Bindings for Python"
optional = false
python-versions = ">=3.8"
files = [
    {file = "lz4-4.3.3-cp310-cp310-macosx_10_9_x86_64.whl", hash = "sha256:b891880c187e96339474af2a3b2bfb11a8e4732ff5034be919aa9029484cd201"},
    {file = "lz4-4.3.3-cp310-cp310-macosx_11_0_arm64.whl", hash = "sha256:222a7e35137d7539c9c33bb53fcbb26510c5748779364014235afc62b0ec797f"},
    {file = "lz4-4.3.3-cp310-cp310-manylinux_2_17_aarch64.manylinux2014_aarch64.whl", hash = "sha256:f76176492ff082657ada0d0f10c794b6da5800249ef1692b35cf49b1e93e8ef7"},
    {file = "lz4-4.3.3-cp310-cp310-manylinux_2_17_x86_64.manylinux2014_x86_64.whl", hash = "sha256:f1d18718f9d78182c6b60f568c9a9cec8a7204d7cb6fad4e511a2ef279e4cb05"},
    {file = "lz4-4.3.3-cp310-cp310-manylinux_2_5_i686.manylinux1_i686.manylinux_2_17_i686.manylinux2014_i686.whl", hash = "sha256:6cdc60e21ec70266947a48839b437d46025076eb4b12c76bd47f8e5eb8a75dcc"},
    {file = "lz4-4.3.3-cp310-cp310-win32.whl", hash = "sha256:c81703b12475da73a5d66618856d04b1307e43428a7e59d98cfe5a5d608a74c6"},
    {file = "lz4-4.3.3-cp310-cp310-win_amd64.whl", hash = "sha256:43cf03059c0f941b772c8aeb42a0813d68d7081c009542301637e5782f8a33e2"},
    {file = "lz4-4.3.3-cp311-cp311-macosx_10_9_x86_64.whl", hash = "sha256:30e8c20b8857adef7be045c65f47ab1e2c4fabba86a9fa9a997d7674a31ea6b6"},
    {file = "lz4-4.3.3-cp311-cp311-macosx_11_0_arm64.whl", hash = "sha256:2f7b1839f795315e480fb87d9bc60b186a98e3e5d17203c6e757611ef7dcef61"},
    {file = "lz4-4.3.3-cp311-cp311-manylinux_2_17_aarch64.manylinux2014_aarch64.whl", hash = "sha256:edfd858985c23523f4e5a7526ca6ee65ff930207a7ec8a8f57a01eae506aaee7"},
    {file = "lz4-4.3.3-cp311-cp311-manylinux_2_17_x86_64.manylinux2014_x86_64.whl", hash = "sha256:0e9c410b11a31dbdc94c05ac3c480cb4b222460faf9231f12538d0074e56c563"},
    {file = "lz4-4.3.3-cp311-cp311-manylinux_2_5_i686.manylinux1_i686.manylinux_2_17_i686.manylinux2014_i686.whl", hash = "sha256:d2507ee9c99dbddd191c86f0e0c8b724c76d26b0602db9ea23232304382e1f21"},
    {file = "lz4-4.3.3-cp311-cp311-win32.whl", hash = "sha256:f180904f33bdd1e92967923a43c22899e303906d19b2cf8bb547db6653ea6e7d"},
    {file = "lz4-4.3.3-cp311-cp311-win_amd64.whl", hash = "sha256:b14d948e6dce389f9a7afc666d60dd1e35fa2138a8ec5306d30cd2e30d36b40c"},
    {file = "lz4-4.3.3-cp312-cp312-macosx_10_9_x86_64.whl", hash = "sha256:e36cd7b9d4d920d3bfc2369840da506fa68258f7bb176b8743189793c055e43d"},
    {file = "lz4-4.3.3-cp312-cp312-macosx_11_0_arm64.whl", hash = "sha256:31ea4be9d0059c00b2572d700bf2c1bc82f241f2c3282034a759c9a4d6ca4dc2"},
    {file = "lz4-4.3.3-cp312-cp312-manylinux_2_17_aarch64.manylinux2014_aarch64.whl", hash = "sha256:33c9a6fd20767ccaf70649982f8f3eeb0884035c150c0b818ea660152cf3c809"},
    {file = "lz4-4.3.3-cp312-cp312-manylinux_2_17_x86_64.manylinux2014_x86_64.whl", hash = "sha256:bca8fccc15e3add173da91be8f34121578dc777711ffd98d399be35487c934bf"},
    {file = "lz4-4.3.3-cp312-cp312-manylinux_2_5_i686.manylinux1_i686.manylinux_2_17_i686.manylinux2014_i686.whl", hash = "sha256:e7d84b479ddf39fe3ea05387f10b779155fc0990125f4fb35d636114e1c63a2e"},
    {file = "lz4-4.3.3-cp312-cp312-win32.whl", hash = "sha256:337cb94488a1b060ef1685187d6ad4ba8bc61d26d631d7ba909ee984ea736be1"},
    {file = "lz4-4.3.3-cp312-cp312-win_amd64.whl", hash = "sha256:5d35533bf2cee56f38ced91f766cd0038b6abf46f438a80d50c52750088be93f"},
    {file = "lz4-4.3.3-cp38-cp38-macosx_10_9_x86_64.whl", hash = "sha256:363ab65bf31338eb364062a15f302fc0fab0a49426051429866d71c793c23394"},
    {file = "lz4-4.3.3-cp38-cp38-macosx_11_0_arm64.whl", hash = "sha256:0a136e44a16fc98b1abc404fbabf7f1fada2bdab6a7e970974fb81cf55b636d0"},
    {file = "lz4-4.3.3-cp38-cp38-manylinux_2_17_aarch64.manylinux2014_aarch64.whl", hash = "sha256:abc197e4aca8b63f5ae200af03eb95fb4b5055a8f990079b5bdf042f568469dd"},
    {file = "lz4-4.3.3-cp38-cp38-manylinux_2_17_x86_64.manylinux2014_x86_64.whl", hash = "sha256:56f4fe9c6327adb97406f27a66420b22ce02d71a5c365c48d6b656b4aaeb7775"},
    {file = "lz4-4.3.3-cp38-cp38-manylinux_2_5_i686.manylinux1_i686.manylinux_2_17_i686.manylinux2014_i686.whl", hash = "sha256:f0e822cd7644995d9ba248cb4b67859701748a93e2ab7fc9bc18c599a52e4604"},
    {file = "lz4-4.3.3-cp38-cp38-win32.whl", hash = "sha256:24b3206de56b7a537eda3a8123c644a2b7bf111f0af53bc14bed90ce5562d1aa"},
    {file = "lz4-4.3.3-cp38-cp38-win_amd64.whl", hash = "sha256:b47839b53956e2737229d70714f1d75f33e8ac26e52c267f0197b3189ca6de24"},
    {file = "lz4-4.3.3-cp39-cp39-macosx_10_9_x86_64.whl", hash = "sha256:6756212507405f270b66b3ff7f564618de0606395c0fe10a7ae2ffcbbe0b1fba"},
    {file = "lz4-4.3.3-cp39-cp39-macosx_11_0_arm64.whl", hash = "sha256:ee9ff50557a942d187ec85462bb0960207e7ec5b19b3b48949263993771c6205"},
    {file = "lz4-4.3.3-cp39-cp39-manylinux_2_17_aarch64.manylinux2014_aarch64.whl", hash = "sha256:2b901c7784caac9a1ded4555258207d9e9697e746cc8532129f150ffe1f6ba0d"},
    {file = "lz4-4.3.3-cp39-cp39-manylinux_2_17_x86_64.manylinux2014_x86_64.whl", hash = "sha256:b6d9ec061b9eca86e4dcc003d93334b95d53909afd5a32c6e4f222157b50c071"},
    {file = "lz4-4.3.3-cp39-cp39-manylinux_2_5_i686.manylinux1_i686.manylinux_2_17_i686.manylinux2014_i686.whl", hash = "sha256:f4c7bf687303ca47d69f9f0133274958fd672efaa33fb5bcde467862d6c621f0"},
    {file = "lz4-4.3.3-cp39-cp39-win32.whl", hash = "sha256:054b4631a355606e99a42396f5db4d22046a3397ffc3269a348ec41eaebd69d2"},
    {file = "lz4-4.3.3-cp39-cp39-win_amd64.whl", hash = "sha256:eac9af361e0d98335a02ff12fb56caeb7ea1196cf1a49dbf6f17828a131da807"},
    {file = "lz4-4.3.3.tar.gz", hash = "sha256:01fe674ef2889dbb9899d8a67361e0c4a2c833af5aeb37dd505727cf5d2a131e"},
]

[package.extras]
docs = ["sphinx (>=1.6.0)", "sphinx-bootstrap-theme"]
flake8 = ["flake8"]
tests = ["psutil", "pytest (!=3.3.0)", "pytest-cov"]

[[package]]
name = "pebble"
version = "5.1.0"
description = "Threading and multiprocessing eye-candy."
optional = false
python-versions = ">=3.8"
files = [
    {file = "Pebble-5.1.0-py3-none-any.whl", hash = "sha256:530a398299ecd3a4ed1baf2e4b8045d8280b1e665560b0b409f8d8e58db60111"},
    {file = "Pebble-5.1.0.tar.gz", hash = "sha256:5c30376f1827b21ecec4126ff90e7f22ad5501cac1ff2b32c86ff2601681f932"},
]

[[package]]
name = "pycryptodomex"
version = "3.21.0"
description = "Cryptographic library for Python"
optional = false
python-versions = "!=3.0.*,!=3.1.*,!=3.2.*,!=3.3.*,!=3.4.*,!=3.5.*,>=2.7"
files = [
    {file = "pycryptodomex-3.21.0-cp27-cp27m-macosx_10_9_x86_64.whl", hash = "sha256:dbeb84a399373df84a69e0919c1d733b89e049752426041deeb30d68e9867822"},
    {file = "pycryptodomex-3.21.0-cp27-cp27m-manylinux2010_i686.whl", hash = "sha256:a192fb46c95489beba9c3f002ed7d93979423d1b2a53eab8771dbb1339eb3ddd"},
    {file = "pycryptodomex-3.21.0-cp27-cp27m-manylinux2010_x86_64.whl", hash = "sha256:1233443f19d278c72c4daae749872a4af3787a813e05c3561c73ab0c153c7b0f"},
    {file = "pycryptodomex-3.21.0-cp27-cp27m-manylinux_2_17_aarch64.manylinux2014_aarch64.whl", hash = "sha256:bbb07f88e277162b8bfca7134b34f18b400d84eac7375ce73117f865e3c80d4c"},
    {file = "pycryptodomex-3.21.0-cp27-cp27m-musllinux_1_1_aarch64.whl", hash = "sha256:e859e53d983b7fe18cb8f1b0e29d991a5c93be2c8dd25db7db1fe3bd3617f6f9"},
    {file = "pycryptodomex-3.21.0-cp27-cp27m-win32.whl", hash = "sha256:ef046b2e6c425647971b51424f0f88d8a2e0a2a63d3531817968c42078895c00"},
    {file = "pycryptodomex-3.21.0-cp27-cp27m-win_amd64.whl", hash = "sha256:da76ebf6650323eae7236b54b1b1f0e57c16483be6e3c1ebf901d4ada47563b6"},
    {file = "pycryptodomex-3.21.0-cp27-cp27mu-manylinux2010_i686.whl", hash = "sha256:c07e64867a54f7e93186a55bec08a18b7302e7bee1b02fd84c6089ec215e723a"},
    {file = "pycryptodomex-3.21.0-cp27-cp27mu-manylinux2010_x86_64.whl", hash = "sha256:56435c7124dd0ce0c8bdd99c52e5d183a0ca7fdcd06c5d5509423843f487dd0b"},
    {file = "pycryptodomex-3.21.0-cp27-cp27mu-manylinux_2_17_aarch64.manylinux2014_aarch64.whl", hash = "sha256:65d275e3f866cf6fe891411be9c1454fb58809ccc5de6d3770654c47197acd65"},
    {file = "pycryptodomex-3.21.0-cp27-cp27mu-musllinux_1_1_aarch64.whl", hash = "sha256:5241bdb53bcf32a9568770a6584774b1b8109342bd033398e4ff2da052123832"},
    {file = "pycryptodomex-3.21.0-cp36-abi3-macosx_10_9_universal2.whl", hash = "sha256:34325b84c8b380675fd2320d0649cdcbc9cf1e0d1526edbe8fce43ed858cdc7e"},
    {file = "pycryptodomex-3.21.0-cp36-abi3-macosx_10_9_x86_64.whl", hash = "sha256:103c133d6cd832ae7266feb0a65b69e3a5e4dbbd6f3a3ae3211a557fd653f516"},
    {file = "pycryptodomex-3.21.0-cp36-abi3-manylinux_2_17_aarch64.manylinux2014_aarch64.whl", hash = "sha256:77ac2ea80bcb4b4e1c6a596734c775a1615d23e31794967416afc14852a639d3"},
    {file = "pycryptodomex-3.21.0-cp36-abi3-manylinux_2_17_x86_64.manylinux2014_x86_64.whl", hash = "sha256:9aa0cf13a1a1128b3e964dc667e5fe5c6235f7d7cfb0277213f0e2a783837cc2"},
    {file = "pycryptodomex-3.21.0-cp36-abi3-manylinux_2_5_i686.manylinux1_i686.manylinux_2_17_i686.manylinux2014_i686.whl", hash = "sha256:46eb1f0c8d309da63a2064c28de54e5e614ad17b7e2f88df0faef58ce192fc7b"},
    {file = "pycryptodomex-3.21.0-cp36-abi3-musllinux_1_1_aarch64.whl", hash = "sha256:cc7e111e66c274b0df5f4efa679eb31e23c7545d702333dfd2df10ab02c2a2ce"},
    {file = "pycryptodomex-3.21.0-cp36-abi3-musllinux_1_2_i686.whl", hash = "sha256:770d630a5c46605ec83393feaa73a9635a60e55b112e1fb0c3cea84c2897aa0a"},
    {file = "pycryptodomex-3.21.0-cp36-abi3-musllinux_1_2_x86_64.whl", hash = "sha256:52e23a0a6e61691134aa8c8beba89de420602541afaae70f66e16060fdcd677e"},
    {file = "pycryptodomex-3.21.0-cp36-abi3-win32.whl", hash = "sha256:a3d77919e6ff56d89aada1bd009b727b874d464cb0e2e3f00a49f7d2e709d76e"},
    {file = "pycryptodomex-3.21.0-cp36-abi3-win_amd64.whl", hash = "sha256:b0e9765f93fe4890f39875e6c90c96cb341767833cfa767f41b490b506fa9ec0"},
    {file = "pycryptodomex-3.21.0-pp27-pypy_73-manylinux2010_x86_64.whl", hash = "sha256:feaecdce4e5c0045e7a287de0c4351284391fe170729aa9182f6bd967631b3a8"},
    {file = "pycryptodomex-3.21.0-pp27-pypy_73-win32.whl", hash = "sha256:365aa5a66d52fd1f9e0530ea97f392c48c409c2f01ff8b9a39c73ed6f527d36c"},
    {file = "pycryptodomex-3.21.0-pp310-pypy310_pp73-macosx_10_15_x86_64.whl", hash = "sha256:3efddfc50ac0ca143364042324046800c126a1d63816d532f2e19e6f2d8c0c31"},
    {file = "pycryptodomex-3.21.0-pp310-pypy310_pp73-manylinux_2_17_x86_64.manylinux2014_x86_64.whl", hash = "sha256:0df2608682db8279a9ebbaf05a72f62a321433522ed0e499bc486a6889b96bf3"},
    {file = "pycryptodomex-3.21.0-pp310-pypy310_pp73-manylinux_2_5_i686.manylinux1_i686.manylinux_2_17_i686.manylinux2014_i686.whl", hash = "sha256:5823d03e904ea3e53aebd6799d6b8ec63b7675b5d2f4a4bd5e3adcb512d03b37"},
    {file = "pycryptodomex-3.21.0-pp310-pypy310_pp73-win_amd64.whl", hash = "sha256:27e84eeff24250ffec32722334749ac2a57a5fd60332cd6a0680090e7c42877e"},
    {file = "pycryptodomex-3.21.0-pp39-pypy39_pp73-macosx_10_15_x86_64.whl", hash = "sha256:8ef436cdeea794015263853311f84c1ff0341b98fc7908e8a70595a68cefd971"},
    {file = "pycryptodomex-3.21.0-pp39-pypy39_pp73-manylinux_2_17_x86_64.manylinux2014_x86_64.whl", hash = "sha256:7a1058e6dfe827f4209c5cae466e67610bcd0d66f2f037465daa2a29d92d952b"},
    {file = "pycryptodomex-3.21.0-pp39-pypy39_pp73-manylinux_2_5_i686.manylinux1_i686.manylinux_2_17_i686.manylinux2014_i686.whl", hash = "sha256:9ba09a5b407cbb3bcb325221e346a140605714b5e880741dc9a1e9ecf1688d42"},
    {file = "pycryptodomex-3.21.0-pp39-pypy39_pp73-win_amd64.whl", hash = "sha256:8a9d8342cf22b74a746e3c6c9453cb0cfbb55943410e3a2619bd9164b48dc9d9"},
    {file = "pycryptodomex-3.21.0.tar.gz", hash = "sha256:222d0bd05381dd25c32dd6065c071ebf084212ab79bab4599ba9e6a3e0009e6c"},
]

[[package]]
name = "ruff"
version = "0.8.1"
description = "An extremely fast Python linter and code formatter, written in Rust."
optional = false
python-versions = ">=3.7"
files = [
    {file = "ruff-0.8.1-py3-none-linux_armv6l.whl", hash = "sha256:fae0805bd514066f20309f6742f6ee7904a773eb9e6c17c45d6b1600ca65c9b5"},
    {file = "ruff-0.8.1-py3-none-macosx_10_12_x86_64.whl", hash = "sha256:b8a4f7385c2285c30f34b200ca5511fcc865f17578383db154e098150ce0a087"},
    {file = "ruff-0.8.1-py3-none-macosx_11_0_arm64.whl", hash = "sha256:cd054486da0c53e41e0086e1730eb77d1f698154f910e0cd9e0d64274979a209"},
    {file = "ruff-0.8.1-py3-none-manylinux_2_17_aarch64.manylinux2014_aarch64.whl", hash = "sha256:2029b8c22da147c50ae577e621a5bfbc5d1fed75d86af53643d7a7aee1d23871"},
    {file = "ruff-0.8.1-py3-none-manylinux_2_17_armv7l.manylinux2014_armv7l.whl", hash = "sha256:2666520828dee7dfc7e47ee4ea0d928f40de72056d929a7c5292d95071d881d1"},
    {file = "ruff-0.8.1-py3-none-manylinux_2_17_i686.manylinux2014_i686.whl", hash = "sha256:333c57013ef8c97a53892aa56042831c372e0bb1785ab7026187b7abd0135ad5"},
    {file = "ruff-0.8.1-py3-none-manylinux_2_17_ppc64.manylinux2014_ppc64.whl", hash = "sha256:288326162804f34088ac007139488dcb43de590a5ccfec3166396530b58fb89d"},
    {file = "ruff-0.8.1-py3-none-manylinux_2_17_ppc64le.manylinux2014_ppc64le.whl", hash = "sha256:b12c39b9448632284561cbf4191aa1b005882acbc81900ffa9f9f471c8ff7e26"},
    {file = "ruff-0.8.1-py3-none-manylinux_2_17_s390x.manylinux2014_s390x.whl", hash = "sha256:364e6674450cbac8e998f7b30639040c99d81dfb5bbc6dfad69bc7a8f916b3d1"},
    {file = "ruff-0.8.1-py3-none-manylinux_2_17_x86_64.manylinux2014_x86_64.whl", hash = "sha256:b22346f845fec132aa39cd29acb94451d030c10874408dbf776af3aaeb53284c"},
    {file = "ruff-0.8.1-py3-none-musllinux_1_2_aarch64.whl", hash = "sha256:b2f2f7a7e7648a2bfe6ead4e0a16745db956da0e3a231ad443d2a66a105c04fa"},
    {file = "ruff-0.8.1-py3-none-musllinux_1_2_armv7l.whl", hash = "sha256:adf314fc458374c25c5c4a4a9270c3e8a6a807b1bec018cfa2813d6546215540"},
    {file = "ruff-0.8.1-py3-none-musllinux_1_2_i686.whl", hash = "sha256:a885d68342a231b5ba4d30b8c6e1b1ee3a65cf37e3d29b3c74069cdf1ee1e3c9"},
    {file = "ruff-0.8.1-py3-none-musllinux_1_2_x86_64.whl", hash = "sha256:d2c16e3508c8cc73e96aa5127d0df8913d2290098f776416a4b157657bee44c5"},
    {file = "ruff-0.8.1-py3-none-win32.whl", hash = "sha256:93335cd7c0eaedb44882d75a7acb7df4b77cd7cd0d2255c93b28791716e81790"},
    {file = "ruff-0.8.1-py3-none-win_amd64.whl", hash = "sha256:2954cdbe8dfd8ab359d4a30cd971b589d335a44d444b6ca2cb3d1da21b75e4b6"},
    {file = "ruff-0.8.1-py3-none-win_arm64.whl", hash = "sha256:55873cc1a473e5ac129d15eccb3c008c096b94809d693fc7053f588b67822737"},
    {file = "ruff-0.8.1.tar.gz", hash = "sha256:3583db9a6450364ed5ca3f3b4225958b24f78178908d5c4bc0f46251ccca898f"},
]

[[package]]
name = "soupsieve"
version = "2.6"
description = "A modern CSS selector implementation for Beautiful Soup."
optional = false
python-versions = ">=3.8"
files = [
    {file = "soupsieve-2.6-py3-none-any.whl", hash = "sha256:e72c4ff06e4fb6e4b5a9f0f55fe6e81514581fca1515028625d0f299c602ccc9"},
    {file = "soupsieve-2.6.tar.gz", hash = "sha256:e2e68417777af359ec65daac1057404a3c8a5455bb8abc36f1a9866ab1a51abb"},
]

[[package]]
name = "tzdata"
version = "2024.2"
description = "Provider of IANA time zone data"
optional = false
python-versions = ">=2"
files = [
    {file = "tzdata-2024.2-py2.py3-none-any.whl", hash = "sha256:a48093786cdcde33cad18c2555e8532f34422074448fbc874186f0abd79565cd"},
    {file = "tzdata-2024.2.tar.gz", hash = "sha256:7d85cc416e9382e69095b7bdf4afd9e3880418a2413feec7069d533d6b4e31cc"},
]

[[package]]
name = "urllib3"
version = "2.2.3"
description = "HTTP library with thread-safe connection pooling, file post, and more."
optional = false
python-versions = ">=3.8"
files = [
    {file = "urllib3-2.2.3-py3-none-any.whl", hash = "sha256:ca899ca043dcb1bafa3e262d73aa25c465bfb49e0bd9dd5d59f1d0acba2f8fac"},
    {file = "urllib3-2.2.3.tar.gz", hash = "sha256:e7d814a81dad81e6caf2ec9fdedb284ecc9c73076b62654547cc64ccdcae26e9"},
]

[package.extras]
brotli = ["brotli (>=1.0.9)", "brotlicffi (>=0.8.0)"]
h2 = ["h2 (>=4,<5)"]
socks = ["pysocks (>=1.5.6,!=1.5.7,<2.0)"]
zstd = ["zstandard (>=0.18.0)"]

[metadata]
lock-version = "2.0"
python-versions = "^3.11"
content-hash = "afaf3455c58c9ef8e79d77b4490b95e315c3705ec8c9eb54c6ad5d459aa78c1c"
